// !$*UTF8*$!
{
	archiveVersion = 1;
	classes = {
	};
	objectVersion = 56;
	objects = {

/* Begin PBXBuildFile section */
		4355F6EF2B6C1E3F009E19E9 /* InfiniteScrollingApp.swift in Sources */ = {isa = PBXBuildFile; fileRef = 4355F6EE2B6C1E3F009E19E9 /* InfiniteScrollingApp.swift */; };
		4355F6F12B6C1E3F009E19E9 /* ContentView.swift in Sources */ = {isa = PBXBuildFile; fileRef = 4355F6F02B6C1E3F009E19E9 /* ContentView.swift */; };
		4355F6F32B6C1E40009E19E9 /* Assets.xcassets in Resources */ = {isa = PBXBuildFile; fileRef = 4355F6F22B6C1E40009E19E9 /* Assets.xcassets */; };
		4355F6F62B6C1E40009E19E9 /* Preview Assets.xcassets in Resources */ = {isa = PBXBuildFile; fileRef = 4355F6F52B6C1E40009E19E9 /* Preview Assets.xcassets */; };
		4355F7002B6C1E40009E19E9 /* InfiniteScrollingTests.swift in Sources */ = {isa = PBXBuildFile; fileRef = 4355F6FF2B6C1E40009E19E9 /* InfiniteScrollingTests.swift */; };
		4355F70A2B6C1E40009E19E9 /* InfiniteScrollingUITests.swift in Sources */ = {isa = PBXBuildFile; fileRef = 4355F7092B6C1E40009E19E9 /* InfiniteScrollingUITests.swift */; };
		4355F70C2B6C1E40009E19E9 /* InfiniteScrollingUITestsLaunchTests.swift in Sources */ = {isa = PBXBuildFile; fileRef = 4355F70B2B6C1E40009E19E9 /* InfiniteScrollingUITestsLaunchTests.swift */; };
/* End PBXBuildFile section */

/* Begin PBXContainerItemProxy section */
		4355F6FC2B6C1E40009E19E9 /* PBXContainerItemProxy */ = {
			isa = PBXContainerItemProxy;
			containerPortal = 4355F6E32B6C1E3F009E19E9 /* Project object */;
			proxyType = 1;
			remoteGlobalIDString = 4355F6EA2B6C1E3F009E19E9;
			remoteInfo = InfiniteScrolling;
		};
		4355F7062B6C1E40009E19E9 /* PBXContainerItemProxy */ = {
			isa = PBXContainerItemProxy;
			containerPortal = 4355F6E32B6C1E3F009E19E9 /* Project object */;
			proxyType = 1;
			remoteGlobalIDString = 4355F6EA2B6C1E3F009E19E9;
			remoteInfo = InfiniteScrolling;
		};
/* End PBXContainerItemProxy section */

/* Begin PBXFileReference section */
		4355F6EB2B6C1E3F009E19E9 /* InfiniteScrolling.app */ = {isa = PBXFileReference; explicitFileType = wrapper.application; includeInIndex = 0; path = InfiniteScrolling.app; sourceTree = BUILT_PRODUCTS_DIR; };
		4355F6EE2B6C1E3F009E19E9 /* InfiniteScrollingApp.swift */ = {isa = PBXFileReference; lastKnownFileType = sourcecode.swift; path = InfiniteScrollingApp.swift; sourceTree = "<group>"; };
		4355F6F02B6C1E3F009E19E9 /* ContentView.swift */ = {isa = PBXFileReference; lastKnownFileType = sourcecode.swift; path = ContentView.swift; sourceTree = "<group>"; };
		4355F6F22B6C1E40009E19E9 /* Assets.xcassets */ = {isa = PBXFileReference; lastKnownFileType = folder.assetcatalog; path = Assets.xcassets; sourceTree = "<group>"; };
		4355F6F52B6C1E40009E19E9 /* Preview Assets.xcassets */ = {isa = PBXFileReference; lastKnownFileType = folder.assetcatalog; path = "Preview Assets.xcassets"; sourceTree = "<group>"; };
		4355F6FB2B6C1E40009E19E9 /* InfiniteScrollingTests.xctest */ = {isa = PBXFileReference; explicitFileType = wrapper.cfbundle; includeInIndex = 0; path = InfiniteScrollingTests.xctest; sourceTree = BUILT_PRODUCTS_DIR; };
		4355F6FF2B6C1E40009E19E9 /* InfiniteScrollingTests.swift */ = {isa = PBXFileReference; lastKnownFileType = sourcecode.swift; path = InfiniteScrollingTests.swift; sourceTree = "<group>"; };
		4355F7052B6C1E40009E19E9 /* InfiniteScrollingUITests.xctest */ = {isa = PBXFileReference; explicitFileType = wrapper.cfbundle; includeInIndex = 0; path = InfiniteScrollingUITests.xctest; sourceTree = BUILT_PRODUCTS_DIR; };
		4355F7092B6C1E40009E19E9 /* InfiniteScrollingUITests.swift */ = {isa = PBXFileReference; lastKnownFileType = sourcecode.swift; path = InfiniteScrollingUITests.swift; sourceTree = "<group>"; };
		4355F70B2B6C1E40009E19E9 /* InfiniteScrollingUITestsLaunchTests.swift */ = {isa = PBXFileReference; lastKnownFileType = sourcecode.swift; path = InfiniteScrollingUITestsLaunchTests.swift; sourceTree = "<group>"; };
/* End PBXFileReference section */

/* Begin PBXFrameworksBuildPhase section */
		4355F6E82B6C1E3F009E19E9 /* Frameworks */ = {
			isa = PBXFrameworksBuildPhase;
			buildActionMask = 2147483647;
			files = (
			);
			runOnlyForDeploymentPostprocessing = 0;
		};
		4355F6F82B6C1E40009E19E9 /* Frameworks */ = {
			isa = PBXFrameworksBuildPhase;
			buildActionMask = 2147483647;
			files = (
			);
			runOnlyForDeploymentPostprocessing = 0;
		};
		4355F7022B6C1E40009E19E9 /* Frameworks */ = {
			isa = PBXFrameworksBuildPhase;
			buildActionMask = 2147483647;
			files = (
			);
			runOnlyForDeploymentPostprocessing = 0;
		};
/* End PBXFrameworksBuildPhase section */

/* Begin PBXGroup section */
		4355F6E22B6C1E3F009E19E9 = {
			isa = PBXGroup;
			children = (
				4355F6ED2B6C1E3F009E19E9 /* InfiniteScrolling */,
				4355F6FE2B6C1E40009E19E9 /* InfiniteScrollingTests */,
				4355F7082B6C1E40009E19E9 /* InfiniteScrollingUITests */,
				4355F6EC2B6C1E3F009E19E9 /* Products */,
			);
			sourceTree = "<group>";
		};
		4355F6EC2B6C1E3F009E19E9 /* Products */ = {
			isa = PBXGroup;
			children = (
				4355F6EB2B6C1E3F009E19E9 /* InfiniteScrolling.app */,
				4355F6FB2B6C1E40009E19E9 /* InfiniteScrollingTests.xctest */,
				4355F7052B6C1E40009E19E9 /* InfiniteScrollingUITests.xctest */,
			);
			name = Products;
			sourceTree = "<group>";
		};
		4355F6ED2B6C1E3F009E19E9 /* InfiniteScrolling */ = {
			isa = PBXGroup;
			children = (
				4355F6EE2B6C1E3F009E19E9 /* InfiniteScrollingApp.swift */,
				4355F6F02B6C1E3F009E19E9 /* ContentView.swift */,
				4355F6F22B6C1E40009E19E9 /* Assets.xcassets */,
				4355F6F42B6C1E40009E19E9 /* Preview Content */,
			);
			path = InfiniteScrolling;
			sourceTree = "<group>";
		};
		4355F6F42B6C1E40009E19E9 /* Preview Content */ = {
			isa = PBXGroup;
			children = (
				4355F6F52B6C1E40009E19E9 /* Preview Assets.xcassets */,
			);
			path = "Preview Content";
			sourceTree = "<group>";
		};
		4355F6FE2B6C1E40009E19E9 /* InfiniteScrollingTests */ = {
			isa = PBXGroup;
			children = (
				4355F6FF2B6C1E40009E19E9 /* InfiniteScrollingTests.swift */,
			);
			path = InfiniteScrollingTests;
			sourceTree = "<group>";
		};
		4355F7082B6C1E40009E19E9 /* InfiniteScrollingUITests */ = {
			isa = PBXGroup;
			children = (
				4355F7092B6C1E40009E19E9 /* InfiniteScrollingUITests.swift */,
				4355F70B2B6C1E40009E19E9 /* InfiniteScrollingUITestsLaunchTests.swift */,
			);
			path = InfiniteScrollingUITests;
			sourceTree = "<group>";
		};
/* End PBXGroup section */

/* Begin PBXNativeTarget section */
		4355F6EA2B6C1E3F009E19E9 /* InfiniteScrolling */ = {
			isa = PBXNativeTarget;
			buildConfigurationList = 4355F70F2B6C1E40009E19E9 /* Build configuration list for PBXNativeTarget "InfiniteScrolling" */;
			buildPhases = (
				4355F6E72B6C1E3F009E19E9 /* Sources */,
				4355F6E82B6C1E3F009E19E9 /* Frameworks */,
				4355F6E92B6C1E3F009E19E9 /* Resources */,
			);
			buildRules = (
			);
			dependencies = (
			);
			name = InfiniteScrolling;
			productName = InfiniteScrolling;
			productReference = 4355F6EB2B6C1E3F009E19E9 /* InfiniteScrolling.app */;
			productType = "com.apple.product-type.application";
		};
		4355F6FA2B6C1E40009E19E9 /* InfiniteScrollingTests */ = {
			isa = PBXNativeTarget;
			buildConfigurationList = 4355F7122B6C1E40009E19E9 /* Build configuration list for PBXNativeTarget "InfiniteScrollingTests" */;
			buildPhases = (
				4355F6F72B6C1E40009E19E9 /* Sources */,
				4355F6F82B6C1E40009E19E9 /* Frameworks */,
				4355F6F92B6C1E40009E19E9 /* Resources */,
			);
			buildRules = (
			);
			dependencies = (
				4355F6FD2B6C1E40009E19E9 /* PBXTargetDependency */,
			);
			name = InfiniteScrollingTests;
			productName = InfiniteScrollingTests;
			productReference = 4355F6FB2B6C1E40009E19E9 /* InfiniteScrollingTests.xctest */;
			productType = "com.apple.product-type.bundle.unit-test";
		};
		4355F7042B6C1E40009E19E9 /* InfiniteScrollingUITests */ = {
			isa = PBXNativeTarget;
			buildConfigurationList = 4355F7152B6C1E40009E19E9 /* Build configuration list for PBXNativeTarget "InfiniteScrollingUITests" */;
			buildPhases = (
				4355F7012B6C1E40009E19E9 /* Sources */,
				4355F7022B6C1E40009E19E9 /* Frameworks */,
				4355F7032B6C1E40009E19E9 /* Resources */,
			);
			buildRules = (
			);
			dependencies = (
				4355F7072B6C1E40009E19E9 /* PBXTargetDependency */,
			);
			name = InfiniteScrollingUITests;
			productName = InfiniteScrollingUITests;
			productReference = 4355F7052B6C1E40009E19E9 /* InfiniteScrollingUITests.xctest */;
			productType = "com.apple.product-type.bundle.ui-testing";
		};
/* End PBXNativeTarget section */

/* Begin PBXProject section */
		4355F6E32B6C1E3F009E19E9 /* Project object */ = {
			isa = PBXProject;
			attributes = {
				BuildIndependentTargetsInParallel = 1;
				LastSwiftUpdateCheck = 1510;
				LastUpgradeCheck = 1510;
				TargetAttributes = {
					4355F6EA2B6C1E3F009E19E9 = {
						CreatedOnToolsVersion = 15.1;
					};
					4355F6FA2B6C1E40009E19E9 = {
						CreatedOnToolsVersion = 15.1;
						TestTargetID = 4355F6EA2B6C1E3F009E19E9;
					};
					4355F7042B6C1E40009E19E9 = {
						CreatedOnToolsVersion = 15.1;
						TestTargetID = 4355F6EA2B6C1E3F009E19E9;
					};
				};
			};
			buildConfigurationList = 4355F6E62B6C1E3F009E19E9 /* Build configuration list for PBXProject "InfiniteScrolling" */;
			compatibilityVersion = "Xcode 14.0";
			developmentRegion = en;
			hasScannedForEncodings = 0;
			knownRegions = (
				en,
				Base,
			);
			mainGroup = 4355F6E22B6C1E3F009E19E9;
			productRefGroup = 4355F6EC2B6C1E3F009E19E9 /* Products */;
			projectDirPath = "";
			projectRoot = "";
			targets = (
				4355F6EA2B6C1E3F009E19E9 /* InfiniteScrolling */,
				4355F6FA2B6C1E40009E19E9 /* InfiniteScrollingTests */,
				4355F7042B6C1E40009E19E9 /* InfiniteScrollingUITests */,
			);
		};
/* End PBXProject section */

/* Begin PBXResourcesBuildPhase section */
		4355F6E92B6C1E3F009E19E9 /* Resources */ = {
			isa = PBXResourcesBuildPhase;
			buildActionMask = 2147483647;
			files = (
				4355F6F62B6C1E40009E19E9 /* Preview Assets.xcassets in Resources */,
				4355F6F32B6C1E40009E19E9 /* Assets.xcassets in Resources */,
			);
			runOnlyForDeploymentPostprocessing = 0;
		};
		4355F6F92B6C1E40009E19E9 /* Resources */ = {
			isa = PBXResourcesBuildPhase;
			buildActionMask = 2147483647;
			files = (
			);
			runOnlyForDeploymentPostprocessing = 0;
		};
		4355F7032B6C1E40009E19E9 /* Resources */ = {
			isa = PBXResourcesBuildPhase;
			buildActionMask = 2147483647;
			files = (
			);
			runOnlyForDeploymentPostprocessing = 0;
		};
/* End PBXResourcesBuildPhase section */

/* Begin PBXSourcesBuildPhase section */
		4355F6E72B6C1E3F009E19E9 /* Sources */ = {
			isa = PBXSourcesBuildPhase;
			buildActionMask = 2147483647;
			files = (
				4355F6F12B6C1E3F009E19E9 /* ContentView.swift in Sources */,
				4355F6EF2B6C1E3F009E19E9 /* InfiniteScrollingApp.swift in Sources */,
			);
			runOnlyForDeploymentPostprocessing = 0;
		};
		4355F6F72B6C1E40009E19E9 /* Sources */ = {
			isa = PBXSourcesBuildPhase;
			buildActionMask = 2147483647;
			files = (
				4355F7002B6C1E40009E19E9 /* InfiniteScrollingTests.swift in Sources */,
			);
			runOnlyForDeploymentPostprocessing = 0;
		};
		4355F7012B6C1E40009E19E9 /* Sources */ = {
			isa = PBXSourcesBuildPhase;
			buildActionMask = 2147483647;
			files = (
				4355F70C2B6C1E40009E19E9 /* InfiniteScrollingUITestsLaunchTests.swift in Sources */,
				4355F70A2B6C1E40009E19E9 /* InfiniteScrollingUITests.swift in Sources */,
			);
			runOnlyForDeploymentPostprocessing = 0;
		};
/* End PBXSourcesBuildPhase section */

/* Begin PBXTargetDependency section */
		4355F6FD2B6C1E40009E19E9 /* PBXTargetDependency */ = {
			isa = PBXTargetDependency;
			target = 4355F6EA2B6C1E3F009E19E9 /* InfiniteScrolling */;
			targetProxy = 4355F6FC2B6C1E40009E19E9 /* PBXContainerItemProxy */;
		};
		4355F7072B6C1E40009E19E9 /* PBXTargetDependency */ = {
			isa = PBXTargetDependency;
			target = 4355F6EA2B6C1E3F009E19E9 /* InfiniteScrolling */;
			targetProxy = 4355F7062B6C1E40009E19E9 /* PBXContainerItemProxy */;
		};
/* End PBXTargetDependency section */

/* Begin XCBuildConfiguration section */
		4355F70D2B6C1E40009E19E9 /* Debug */ = {
			isa = XCBuildConfiguration;
			buildSettings = {
				ALWAYS_SEARCH_USER_PATHS = NO;
				ASSETCATALOG_COMPILER_GENERATE_SWIFT_ASSET_SYMBOL_EXTENSIONS = YES;
				CLANG_ANALYZER_NONNULL = YES;
				CLANG_ANALYZER_NUMBER_OBJECT_CONVERSION = YES_AGGRESSIVE;
				CLANG_CXX_LANGUAGE_STANDARD = "gnu++20";
				CLANG_ENABLE_MODULES = YES;
				CLANG_ENABLE_OBJC_ARC = YES;
				CLANG_ENABLE_OBJC_WEAK = YES;
				CLANG_WARN_BLOCK_CAPTURE_AUTORELEASING = YES;
				CLANG_WARN_BOOL_CONVERSION = YES;
				CLANG_WARN_COMMA = YES;
				CLANG_WARN_CONSTANT_CONVERSION = YES;
				CLANG_WARN_DEPRECATED_OBJC_IMPLEMENTATIONS = YES;
				CLANG_WARN_DIRECT_OBJC_ISA_USAGE = YES_ERROR;
				CLANG_WARN_DOCUMENTATION_COMMENTS = YES;
				CLANG_WARN_EMPTY_BODY = YES;
				CLANG_WARN_ENUM_CONVERSION = YES;
				CLANG_WARN_INFINITE_RECURSION = YES;
				CLANG_WARN_INT_CONVERSION = YES;
				CLANG_WARN_NON_LITERAL_NULL_CONVERSION = YES;
				CLANG_WARN_OBJC_IMPLICIT_RETAIN_SELF = YES;
				CLANG_WARN_OBJC_LITERAL_CONVERSION = YES;
				CLANG_WARN_OBJC_ROOT_CLASS = YES_ERROR;
				CLANG_WARN_QUOTED_INCLUDE_IN_FRAMEWORK_HEADER = YES;
				CLANG_WARN_RANGE_LOOP_ANALYSIS = YES;
				CLANG_WARN_STRICT_PROTOTYPES = YES;
				CLANG_WARN_SUSPICIOUS_MOVE = YES;
				CLANG_WARN_UNGUARDED_AVAILABILITY = YES_AGGRESSIVE;
				CLANG_WARN_UNREACHABLE_CODE = YES;
				CLANG_WARN__DUPLICATE_METHOD_MATCH = YES;
				COPY_PHASE_STRIP = NO;
				DEBUG_INFORMATION_FORMAT = dwarf;
				ENABLE_STRICT_OBJC_MSGSEND = YES;
				ENABLE_TESTABILITY = YES;
				ENABLE_USER_SCRIPT_SANDBOXING = YES;
				GCC_C_LANGUAGE_STANDARD = gnu17;
				GCC_DYNAMIC_NO_PIC = NO;
				GCC_NO_COMMON_BLOCKS = YES;
				GCC_OPTIMIZATION_LEVEL = 0;
				GCC_PREPROCESSOR_DEFINITIONS = (
					"DEBUG=1",
					"$(inherited)",
				);
				GCC_WARN_64_TO_32_BIT_CONVERSION = YES;
				GCC_WARN_ABOUT_RETURN_TYPE = YES_ERROR;
				GCC_WARN_UNDECLARED_SELECTOR = YES;
				GCC_WARN_UNINITIALIZED_AUTOS = YES_AGGRESSIVE;
				GCC_WARN_UNUSED_FUNCTION = YES;
				GCC_WARN_UNUSED_VARIABLE = YES;
				IPHONEOS_DEPLOYMENT_TARGET = 17.2;
				LOCALIZATION_PREFERS_STRING_CATALOGS = YES;
				MTL_ENABLE_DEBUG_INFO = INCLUDE_SOURCE;
				MTL_FAST_MATH = YES;
				ONLY_ACTIVE_ARCH = YES;
				SDKROOT = iphoneos;
				SWIFT_ACTIVE_COMPILATION_CONDITIONS = "DEBUG $(inherited)";
				SWIFT_OPTIMIZATION_LEVEL = "-Onone";
			};
			name = Debug;
		};
		4355F70E2B6C1E40009E19E9 /* Release */ = {
			isa = XCBuildConfiguration;
			buildSettings = {
				ALWAYS_SEARCH_USER_PATHS = NO;
				ASSETCATALOG_COMPILER_GENERATE_SWIFT_ASSET_SYMBOL_EXTENSIONS = YES;
				CLANG_ANALYZER_NONNULL = YES;
				CLANG_ANALYZER_NUMBER_OBJECT_CONVERSION = YES_AGGRESSIVE;
				CLANG_CXX_LANGUAGE_STANDARD = "gnu++20";
				CLANG_ENABLE_MODULES = YES;
				CLANG_ENABLE_OBJC_ARC = YES;
				CLANG_ENABLE_OBJC_WEAK = YES;
				CLANG_WARN_BLOCK_CAPTURE_AUTORELEASING = YES;
				CLANG_WARN_BOOL_CONVERSION = YES;
				CLANG_WARN_COMMA = YES;
				CLANG_WARN_CONSTANT_CONVERSION = YES;
				CLANG_WARN_DEPRECATED_OBJC_IMPLEMENTATIONS = YES;
				CLANG_WARN_DIRECT_OBJC_ISA_USAGE = YES_ERROR;
				CLANG_WARN_DOCUMENTATION_COMMENTS = YES;
				CLANG_WARN_EMPTY_BODY = YES;
				CLANG_WARN_ENUM_CONVERSION = YES;
				CLANG_WARN_INFINITE_RECURSION = YES;
				CLANG_WARN_INT_CONVERSION = YES;
				CLANG_WARN_NON_LITERAL_NULL_CONVERSION = YES;
				CLANG_WARN_OBJC_IMPLICIT_RETAIN_SELF = YES;
				CLANG_WARN_OBJC_LITERAL_CONVERSION = YES;
				CLANG_WARN_OBJC_ROOT_CLASS = YES_ERROR;
				CLANG_WARN_QUOTED_INCLUDE_IN_FRAMEWORK_HEADER = YES;
				CLANG_WARN_RANGE_LOOP_ANALYSIS = YES;
				CLANG_WARN_STRICT_PROTOTYPES = YES;
				CLANG_WARN_SUSPICIOUS_MOVE = YES;
				CLANG_WARN_UNGUARDED_AVAILABILITY = YES_AGGRESSIVE;
				CLANG_WARN_UNREACHABLE_CODE = YES;
				CLANG_WARN__DUPLICATE_METHOD_MATCH = YES;
				COPY_PHASE_STRIP = NO;
				DEBUG_INFORMATION_FORMAT = "dwarf-with-dsym";
				ENABLE_NS_ASSERTIONS = NO;
				ENABLE_STRICT_OBJC_MSGSEND = YES;
				ENABLE_USER_SCRIPT_SANDBOXING = YES;
				GCC_C_LANGUAGE_STANDARD = gnu17;
				GCC_NO_COMMON_BLOCKS = YES;
				GCC_WARN_64_TO_32_BIT_CONVERSION = YES;
				GCC_WARN_ABOUT_RETURN_TYPE = YES_ERROR;
				GCC_WARN_UNDECLARED_SELECTOR = YES;
				GCC_WARN_UNINITIALIZED_AUTOS = YES_AGGRESSIVE;
				GCC_WARN_UNUSED_FUNCTION = YES;
				GCC_WARN_UNUSED_VARIABLE = YES;
				IPHONEOS_DEPLOYMENT_TARGET = 17.2;
				LOCALIZATION_PREFERS_STRING_CATALOGS = YES;
				MTL_ENABLE_DEBUG_INFO = NO;
				MTL_FAST_MATH = YES;
				SDKROOT = iphoneos;
				SWIFT_COMPILATION_MODE = wholemodule;
				VALIDATE_PRODUCT = YES;
			};
			name = Release;
		};
		4355F7102B6C1E40009E19E9 /* Debug */ = {
			isa = XCBuildConfiguration;
			buildSettings = {
				ASSETCATALOG_COMPILER_APPICON_NAME = AppIcon;
				ASSETCATALOG_COMPILER_GLOBAL_ACCENT_COLOR_NAME = AccentColor;
				CODE_SIGN_STYLE = Automatic;
				CURRENT_PROJECT_VERSION = 1;
				DEVELOPMENT_ASSET_PATHS = "\"InfiniteScrolling/Preview Content\"";
				DEVELOPMENT_TEAM = KMTXVH4GTQ;
				ENABLE_PREVIEWS = YES;
				GENERATE_INFOPLIST_FILE = YES;
				INFOPLIST_KEY_UIApplicationSceneManifest_Generation = YES;
				INFOPLIST_KEY_UIApplicationSupportsIndirectInputEvents = YES;
				INFOPLIST_KEY_UILaunchScreen_Generation = YES;
				INFOPLIST_KEY_UISupportedInterfaceOrientations_iPad = "UIInterfaceOrientationPortrait UIInterfaceOrientationPortraitUpsideDown UIInterfaceOrientationLandscapeLeft UIInterfaceOrientationLandscapeRight";
				INFOPLIST_KEY_UISupportedInterfaceOrientations_iPhone = "UIInterfaceOrientationPortrait UIInterfaceOrientationLandscapeLeft UIInterfaceOrientationLandscapeRight";
				LD_RUNPATH_SEARCH_PATHS = (
					"$(inherited)",
					"@executable_path/Frameworks",
				);
				MARKETING_VERSION = 1.0;
				PRODUCT_BUNDLE_IDENTIFIER = ngsison.InfiniteScrolling;
				PRODUCT_NAME = "$(TARGET_NAME)";
				SWIFT_EMIT_LOC_STRINGS = YES;
				SWIFT_VERSION = 5.0;
				TARGETED_DEVICE_FAMILY = "1,2";
			};
			name = Debug;
		};
		4355F7112B6C1E40009E19E9 /* Release */ = {
			isa = XCBuildConfiguration;
			buildSettings = {
				ASSETCATALOG_COMPILER_APPICON_NAME = AppIcon;
				ASSETCATALOG_COMPILER_GLOBAL_ACCENT_COLOR_NAME = AccentColor;
				CODE_SIGN_STYLE = Automatic;
				CURRENT_PROJECT_VERSION = 1;
				DEVELOPMENT_ASSET_PATHS = "\"InfiniteScrolling/Preview Content\"";
				DEVELOPMENT_TEAM = KMTXVH4GTQ;
				ENABLE_PREVIEWS = YES;
				GENERATE_INFOPLIST_FILE = YES;
				INFOPLIST_KEY_UIApplicationSceneManifest_Generation = YES;
				INFOPLIST_KEY_UIApplicationSupportsIndirectInputEvents = YES;
				INFOPLIST_KEY_UILaunchScreen_Generation = YES;
				INFOPLIST_KEY_UISupportedInterfaceOrientations_iPad = "UIInterfaceOrientationPortrait UIInterfaceOrientationPortraitUpsideDown UIInterfaceOrientationLandscapeLeft UIInterfaceOrientationLandscapeRight";
				INFOPLIST_KEY_UISupportedInterfaceOrientations_iPhone = "UIInterfaceOrientationPortrait UIInterfaceOrientationLandscapeLeft UIInterfaceOrientationLandscapeRight";
				LD_RUNPATH_SEARCH_PATHS = (
					"$(inherited)",
					"@executable_path/Frameworks",
				);
				MARKETING_VERSION = 1.0;
				PRODUCT_BUNDLE_IDENTIFIER = ngsison.InfiniteScrolling;
				PRODUCT_NAME = "$(TARGET_NAME)";
				SWIFT_EMIT_LOC_STRINGS = YES;
				SWIFT_VERSION = 5.0;
				TARGETED_DEVICE_FAMILY = "1,2";
			};
			name = Release;
		};
		4355F7132B6C1E40009E19E9 /* Debug */ = {
			isa = XCBuildConfiguration;
			buildSettings = {
				ALWAYS_EMBED_SWIFT_STANDARD_LIBRARIES = YES;
				BUNDLE_LOADER = "$(TEST_HOST)";
				CODE_SIGN_STYLE = Automatic;
				CURRENT_PROJECT_VERSION = 1;
				DEVELOPMENT_TEAM = KMTXVH4GTQ;
				GENERATE_INFOPLIST_FILE = YES;
				IPHONEOS_DEPLOYMENT_TARGET = 17.2;
				MARKETING_VERSION = 1.0;
				PRODUCT_BUNDLE_IDENTIFIER = ngsison.InfiniteScrollingTests;
				PRODUCT_NAME = "$(TARGET_NAME)";
				SWIFT_EMIT_LOC_STRINGS = NO;
				SWIFT_VERSION = 5.0;
				TARGETED_DEVICE_FAMILY = "1,2";
				TEST_HOST = "$(BUILT_PRODUCTS_DIR)/InfiniteScrolling.app/$(BUNDLE_EXECUTABLE_FOLDER_PATH)/InfiniteScrolling";
			};
			name = Debug;
		};
		4355F7142B6C1E40009E19E9 /* Release */ = {
			isa = XCBuildConfiguration;
			buildSettings = {
				ALWAYS_EMBED_SWIFT_STANDARD_LIBRARIES = YES;
				BUNDLE_LOADER = "$(TEST_HOST)";
				CODE_SIGN_STYLE = Automatic;
				CURRENT_PROJECT_VERSION = 1;
				DEVELOPMENT_TEAM = KMTXVH4GTQ;
				GENERATE_INFOPLIST_FILE = YES;
				IPHONEOS_DEPLOYMENT_TARGET = 17.2;
				MARKETING_VERSION = 1.0;
				PRODUCT_BUNDLE_IDENTIFIER = ngsison.InfiniteScrollingTests;
				PRODUCT_NAME = "$(TARGET_NAME)";
				SWIFT_EMIT_LOC_STRINGS = NO;
				SWIFT_VERSION = 5.0;
				TARGETED_DEVICE_FAMILY = "1,2";
				TEST_HOST = "$(BUILT_PRODUCTS_DIR)/InfiniteScrolling.app/$(BUNDLE_EXECUTABLE_FOLDER_PATH)/InfiniteScrolling";
			};
			name = Release;
		};
		4355F7162B6C1E40009E19E9 /* Debug */ = {
			isa = XCBuildConfiguration;
			buildSettings = {
				ALWAYS_EMBED_SWIFT_STANDARD_LIBRARIES = YES;
				CODE_SIGN_STYLE = Automatic;
				CURRENT_PROJECT_VERSION = 1;
				DEVELOPMENT_TEAM = KMTXVH4GTQ;
				GENERATE_INFOPLIST_FILE = YES;
				MARKETING_VERSION = 1.0;
				PRODUCT_BUNDLE_IDENTIFIER = ngsison.InfiniteScrollingUITests;
				PRODUCT_NAME = "$(TARGET_NAME)";
				SWIFT_EMIT_LOC_STRINGS = NO;
				SWIFT_VERSION = 5.0;
				TARGETED_DEVICE_FAMILY = "1,2";
				TEST_TARGET_NAME = InfiniteScrolling;
			};
			name = Debug;
		};
		4355F7172B6C1E40009E19E9 /* Release */ = {
			isa = XCBuildConfiguration;
			buildSettings = {
				ALWAYS_EMBED_SWIFT_STANDARD_LIBRARIES = YES;
				CODE_SIGN_STYLE = Automatic;
				CURRENT_PROJECT_VERSION = 1;
				DEVELOPMENT_TEAM = KMTXVH4GTQ;
				GENERATE_INFOPLIST_FILE = YES;
				MARKETING_VERSION = 1.0;
				PRODUCT_BUNDLE_IDENTIFIER = ngsison.InfiniteScrollingUITests;
				PRODUCT_NAME = "$(TARGET_NAME)";
				SWIFT_EMIT_LOC_STRINGS = NO;
				SWIFT_VERSION = 5.0;
				TARGETED_DEVICE_FAMILY = "1,2";
				TEST_TARGET_NAME = InfiniteScrolling;
			};
			name = Release;
		};
/* End XCBuildConfiguration section */

/* Begin XCConfigurationList section */
		4355F6E62B6C1E3F009E19E9 /* Build configuration list for PBXProject "InfiniteScrolling" */ = {
			isa = XCConfigurationList;
			buildConfigurations = (
				4355F70D2B6C1E40009E19E9 /* Debug */,
				4355F70E2B6C1E40009E19E9 /* Release */,
			);
			defaultConfigurationIsVisible = 0;
			defaultConfigurationName = Release;
		};
		4355F70F2B6C1E40009E19E9 /* Build configuration list for PBXNativeTarget "InfiniteScrolling" */ = {
			isa = XCConfigurationList;
			buildConfigurations = (
				4355F7102B6C1E40009E19E9 /* Debug */,
				4355F7112B6C1E40009E19E9 /* Release */,
			);
			defaultConfigurationIsVisible = 0;
			defaultConfigurationName = Release;
		};
		4355F7122B6C1E40009E19E9 /* Build configuration list for PBXNativeTarget "InfiniteScrollingTests" */ = {
			isa = XCConfigurationList;
			buildConfigurations = (
				4355F7132B6C1E40009E19E9 /* Debug */,
				4355F7142B6C1E40009E19E9 /* Release */,
			);
			defaultConfigurationIsVisible = 0;
			defaultConfigurationName = Release;
		};
		4355F7152B6C1E40009E19E9 /* Build configuration list for PBXNativeTarget "InfiniteScrollingUITests" */ = {
			isa = XCConfigurationList;
			buildConfigurations = (
				4355F7162B6C1E40009E19E9 /* Debug */,
				4355F7172B6C1E40009E19E9 /* Release */,
			);
			defaultConfigurationIsVisible = 0;
			defaultConfigurationName = Release;
		};
/* End XCConfigurationList section */
	};
	rootObject = 4355F6E32B6C1E3F009E19E9 /* Project object */;
}
